
Microsoft Visual Studio Solution File, Format Version 12.00
# Visual Studio 15
VisualStudioVersion = 15.0.26730.16
MinimumVisualStudioVersion = 10.0.40219.1
Project("{2150E333-8FDC-42A3-9474-1A3956D46DE8}") = "Solution Items", "Solution Items", "{5E38324B-5DC2-40B3-ABC4-461AA021BC93}"
	ProjectSection(SolutionItems) = preProject
		.gitignore = .gitignore
		..\README.md = ..\README.md
	EndProjectSection
EndProject
Project("{9A19103F-16F7-4668-BE54-9A1E7A4F7556}") = "CircuitBoard", "CircuitBoard\CircuitBoard.csproj", "{E449231E-2C5C-456C-8C61-98C47FA2E0FB}"
EndProject
Global
	GlobalSection(SolutionConfigurationPlatforms) = preSolution
		Debug|Any CPU = Debug|Any CPU
		Release|Any CPU = Release|Any CPU
	EndGlobalSection
	GlobalSection(ProjectConfigurationPlatforms) = postSolution
		{E449231E-2C5C-456C-8C61-98C47FA2E0FB}.Debug|Any CPU.ActiveCfg = Debug|Any CPU
		{E449231E-2C5C-456C-8C61-98C47FA2E0FB}.Debug|Any CPU.Build.0 = Debug|Any CPU
		{E449231E-2C5C-456C-8C61-98C47FA2E0FB}.Release|Any CPU.ActiveCfg = Release|Any CPU
		{E449231E-2C5C-456C-8C61-98C47FA2E0FB}.Release|Any CPU.Build.0 = Release|Any CPU
	EndGlobalSection
	GlobalSection(SolutionProperties) = preSolution
		HideSolutionNode = FALSE
	EndGlobalSection
	GlobalSection(ExtensibilityGlobals) = postSolution
		SolutionGuid = {10235759-C3A0-45BE-A2F3-B147732B5389}
	EndGlobalSection
EndGlobal
