
Microsoft Visual Studio Solution File, Format Version 12.00
# Visual Studio Version 16
VisualStudioVersion = 16.0.28729.10
MinimumVisualStudioVersion = 10.0.40219.1
Project("{2150E333-8FDC-42A3-9474-1A3956D46DE8}") = "Solution Items", "Solution Items", "{648EBFE5-272F-46F6-A666-2EAFF3D62902}"
	ProjectSection(SolutionItems) = preProject
		.gitignore = .gitignore
		..\azure-pipelines.yml = ..\azure-pipelines.yml
		pwsh-bootstrap.ps1 = pwsh-bootstrap.ps1
		..\README.md = ..\README.md
		..\ChangeLog.md = ..\ChangeLog.md
	EndProjectSection
EndProject
Project("{9A19103F-16F7-4668-BE54-9A1E7A4F7556}") = "DataStore", "DataStore\DataStore.csproj", "{6368A73A-49AB-40AB-8847-724E8820566D}"
EndProject
Project("{9A19103F-16F7-4668-BE54-9A1E7A4F7556}") = "DataStore.Interfaces", "DataStore.Interfaces\DataStore.Interfaces.csproj", "{05013952-DE52-4EF3-8F76-4E1B076134B6}"
EndProject
Project("{9A19103F-16F7-4668-BE54-9A1E7A4F7556}") = "DataStore.Models", "DataStore.Models\DataStore.Models.csproj", "{50BDE363-B183-44DA-AACC-366D2F6ECA60}"
EndProject
Project("{9A19103F-16F7-4668-BE54-9A1E7A4F7556}") = "DataStore.Tests", "DataStore.Tests\DataStore.Tests.csproj", "{30BAE076-F914-484D-A4F4-BB61E0CC285B}"
EndProject
Project("{9A19103F-16F7-4668-BE54-9A1E7A4F7556}") = "DataStore.Interfaces.LowLevel", "DataStore.Interfaces.LowLevel\DataStore.Interfaces.LowLevel.csproj", "{388865A0-FF06-4BFC-B98D-D12C42205620}"
EndProject
Project("{9A19103F-16F7-4668-BE54-9A1E7A4F7556}") = "DataStore.Providers.CosmosDb", "DataStore.Providers.CosmosDb\DataStore.Providers.CosmosDb.csproj", "{FF2A8B99-90AB-46AA-8775-2AD80FD439FD}"
EndProject
Global
	GlobalSection(SolutionConfigurationPlatforms) = preSolution
		Debug|Any CPU = Debug|Any CPU
		Debug|x64 = Debug|x64
		Debug|x86 = Debug|x86
		Release|Any CPU = Release|Any CPU
		Release|x64 = Release|x64
		Release|x86 = Release|x86
	EndGlobalSection
	GlobalSection(ProjectConfigurationPlatforms) = postSolution
		{6368A73A-49AB-40AB-8847-724E8820566D}.Debug|Any CPU.ActiveCfg = Debug|Any CPU
		{6368A73A-49AB-40AB-8847-724E8820566D}.Debug|Any CPU.Build.0 = Debug|Any CPU
		{6368A73A-49AB-40AB-8847-724E8820566D}.Debug|x64.ActiveCfg = Debug|Any CPU
		{6368A73A-49AB-40AB-8847-724E8820566D}.Debug|x64.Build.0 = Debug|Any CPU
		{6368A73A-49AB-40AB-8847-724E8820566D}.Debug|x86.ActiveCfg = Debug|Any CPU
		{6368A73A-49AB-40AB-8847-724E8820566D}.Debug|x86.Build.0 = Debug|Any CPU
		{6368A73A-49AB-40AB-8847-724E8820566D}.Release|Any CPU.ActiveCfg = Release|Any CPU
		{6368A73A-49AB-40AB-8847-724E8820566D}.Release|Any CPU.Build.0 = Release|Any CPU
		{6368A73A-49AB-40AB-8847-724E8820566D}.Release|x64.ActiveCfg = Release|Any CPU
		{6368A73A-49AB-40AB-8847-724E8820566D}.Release|x64.Build.0 = Release|Any CPU
		{6368A73A-49AB-40AB-8847-724E8820566D}.Release|x86.ActiveCfg = Release|Any CPU
		{6368A73A-49AB-40AB-8847-724E8820566D}.Release|x86.Build.0 = Release|Any CPU
		{05013952-DE52-4EF3-8F76-4E1B076134B6}.Debug|Any CPU.ActiveCfg = Debug|Any CPU
		{05013952-DE52-4EF3-8F76-4E1B076134B6}.Debug|Any CPU.Build.0 = Debug|Any CPU
		{05013952-DE52-4EF3-8F76-4E1B076134B6}.Debug|x64.ActiveCfg = Debug|Any CPU
		{05013952-DE52-4EF3-8F76-4E1B076134B6}.Debug|x64.Build.0 = Debug|Any CPU
		{05013952-DE52-4EF3-8F76-4E1B076134B6}.Debug|x86.ActiveCfg = Debug|Any CPU
		{05013952-DE52-4EF3-8F76-4E1B076134B6}.Debug|x86.Build.0 = Debug|Any CPU
		{05013952-DE52-4EF3-8F76-4E1B076134B6}.Release|Any CPU.ActiveCfg = Release|Any CPU
		{05013952-DE52-4EF3-8F76-4E1B076134B6}.Release|Any CPU.Build.0 = Release|Any CPU
		{05013952-DE52-4EF3-8F76-4E1B076134B6}.Release|x64.ActiveCfg = Release|Any CPU
		{05013952-DE52-4EF3-8F76-4E1B076134B6}.Release|x64.Build.0 = Release|Any CPU
		{05013952-DE52-4EF3-8F76-4E1B076134B6}.Release|x86.ActiveCfg = Release|Any CPU
		{05013952-DE52-4EF3-8F76-4E1B076134B6}.Release|x86.Build.0 = Release|Any CPU
		{50BDE363-B183-44DA-AACC-366D2F6ECA60}.Debug|Any CPU.ActiveCfg = Debug|Any CPU
		{50BDE363-B183-44DA-AACC-366D2F6ECA60}.Debug|Any CPU.Build.0 = Debug|Any CPU
		{50BDE363-B183-44DA-AACC-366D2F6ECA60}.Debug|x64.ActiveCfg = Debug|Any CPU
		{50BDE363-B183-44DA-AACC-366D2F6ECA60}.Debug|x64.Build.0 = Debug|Any CPU
		{50BDE363-B183-44DA-AACC-366D2F6ECA60}.Debug|x86.ActiveCfg = Debug|Any CPU
		{50BDE363-B183-44DA-AACC-366D2F6ECA60}.Debug|x86.Build.0 = Debug|Any CPU
		{50BDE363-B183-44DA-AACC-366D2F6ECA60}.Release|Any CPU.ActiveCfg = Release|Any CPU
		{50BDE363-B183-44DA-AACC-366D2F6ECA60}.Release|Any CPU.Build.0 = Release|Any CPU
		{50BDE363-B183-44DA-AACC-366D2F6ECA60}.Release|x64.ActiveCfg = Release|Any CPU
		{50BDE363-B183-44DA-AACC-366D2F6ECA60}.Release|x64.Build.0 = Release|Any CPU
		{50BDE363-B183-44DA-AACC-366D2F6ECA60}.Release|x86.ActiveCfg = Release|Any CPU
		{50BDE363-B183-44DA-AACC-366D2F6ECA60}.Release|x86.Build.0 = Release|Any CPU
		{30BAE076-F914-484D-A4F4-BB61E0CC285B}.Debug|Any CPU.ActiveCfg = Debug|Any CPU
		{30BAE076-F914-484D-A4F4-BB61E0CC285B}.Debug|Any CPU.Build.0 = Debug|Any CPU
		{30BAE076-F914-484D-A4F4-BB61E0CC285B}.Debug|x64.ActiveCfg = Debug|Any CPU
		{30BAE076-F914-484D-A4F4-BB61E0CC285B}.Debug|x64.Build.0 = Debug|Any CPU
		{30BAE076-F914-484D-A4F4-BB61E0CC285B}.Debug|x86.ActiveCfg = Debug|Any CPU
		{30BAE076-F914-484D-A4F4-BB61E0CC285B}.Debug|x86.Build.0 = Debug|Any CPU
		{30BAE076-F914-484D-A4F4-BB61E0CC285B}.Release|Any CPU.ActiveCfg = Release|Any CPU
		{30BAE076-F914-484D-A4F4-BB61E0CC285B}.Release|Any CPU.Build.0 = Release|Any CPU
		{30BAE076-F914-484D-A4F4-BB61E0CC285B}.Release|x64.ActiveCfg = Release|Any CPU
		{30BAE076-F914-484D-A4F4-BB61E0CC285B}.Release|x64.Build.0 = Release|Any CPU
		{30BAE076-F914-484D-A4F4-BB61E0CC285B}.Release|x86.ActiveCfg = Release|Any CPU
		{30BAE076-F914-484D-A4F4-BB61E0CC285B}.Release|x86.Build.0 = Release|Any CPU
		{388865A0-FF06-4BFC-B98D-D12C42205620}.Debug|Any CPU.ActiveCfg = Debug|Any CPU
		{388865A0-FF06-4BFC-B98D-D12C42205620}.Debug|Any CPU.Build.0 = Debug|Any CPU
		{388865A0-FF06-4BFC-B98D-D12C42205620}.Debug|x64.ActiveCfg = Debug|Any CPU
		{388865A0-FF06-4BFC-B98D-D12C42205620}.Debug|x64.Build.0 = Debug|Any CPU
		{388865A0-FF06-4BFC-B98D-D12C42205620}.Debug|x86.ActiveCfg = Debug|Any CPU
		{388865A0-FF06-4BFC-B98D-D12C42205620}.Debug|x86.Build.0 = Debug|Any CPU
		{388865A0-FF06-4BFC-B98D-D12C42205620}.Release|Any CPU.ActiveCfg = Release|Any CPU
		{388865A0-FF06-4BFC-B98D-D12C42205620}.Release|Any CPU.Build.0 = Release|Any CPU
		{388865A0-FF06-4BFC-B98D-D12C42205620}.Release|x64.ActiveCfg = Release|Any CPU
		{388865A0-FF06-4BFC-B98D-D12C42205620}.Release|x64.Build.0 = Release|Any CPU
		{388865A0-FF06-4BFC-B98D-D12C42205620}.Release|x86.ActiveCfg = Release|Any CPU
		{388865A0-FF06-4BFC-B98D-D12C42205620}.Release|x86.Build.0 = Release|Any CPU
		{FF2A8B99-90AB-46AA-8775-2AD80FD439FD}.Debug|Any CPU.ActiveCfg = Debug|Any CPU
		{FF2A8B99-90AB-46AA-8775-2AD80FD439FD}.Debug|Any CPU.Build.0 = Debug|Any CPU
		{FF2A8B99-90AB-46AA-8775-2AD80FD439FD}.Debug|x64.ActiveCfg = Debug|Any CPU
		{FF2A8B99-90AB-46AA-8775-2AD80FD439FD}.Debug|x64.Build.0 = Debug|Any CPU
		{FF2A8B99-90AB-46AA-8775-2AD80FD439FD}.Debug|x86.ActiveCfg = Debug|Any CPU
		{FF2A8B99-90AB-46AA-8775-2AD80FD439FD}.Debug|x86.Build.0 = Debug|Any CPU
		{FF2A8B99-90AB-46AA-8775-2AD80FD439FD}.Release|Any CPU.ActiveCfg = Release|Any CPU
		{FF2A8B99-90AB-46AA-8775-2AD80FD439FD}.Release|Any CPU.Build.0 = Release|Any CPU
		{FF2A8B99-90AB-46AA-8775-2AD80FD439FD}.Release|x64.ActiveCfg = Release|Any CPU
		{FF2A8B99-90AB-46AA-8775-2AD80FD439FD}.Release|x64.Build.0 = Release|Any CPU
		{FF2A8B99-90AB-46AA-8775-2AD80FD439FD}.Release|x86.ActiveCfg = Release|Any CPU
		{FF2A8B99-90AB-46AA-8775-2AD80FD439FD}.Release|x86.Build.0 = Release|Any CPU
	EndGlobalSection
	GlobalSection(SolutionProperties) = preSolution
		HideSolutionNode = FALSE
	EndGlobalSection
	GlobalSection(ExtensibilityGlobals) = postSolution
		SolutionGuid = {48A72D00-AE97-4309-9C36-DF4ECA73A289}
	EndGlobalSection
EndGlobal
